{
  "name": "osti-ecommerce",
  "version": "1.0.0",
  "lockfileVersion": 3,
  "requires": true,
  "packages": {
    "": {
      "name": "osti-ecommerce",
      "version": "1.0.0",
      "license": "ISC",
      "dependencies": {
        "git": "^0.1.5",
        "scandir": "^0.1.2"
      },
      "devDependencies": {}
    },
    "node_modules/ansi": {
      "version": "0.2.1",
      "resolved": "https://registry.npmjs.org/ansi/-/ansi-0.2.1.tgz",
      "integrity": "sha512-hVgwO988R7zQpcsYeTmEyXe22pl2WDCloyf1LGZAxTMZocdf1ofAKykPXFGDNFI6QJus+aRWrLtshI1bhkI2fw==",
      "bin": {
        "beep": "examples/beep/index.js",
        "clear": "examples/clear/index.js",
        "starwars": "examples/starwars.js"
      },
      "engines": {
        "node": "*"
      }
    },
    "node_modules/commander": {
      "version": "2.20.3",
      "resolved": "https://registry.npmjs.org/commander/-/commander-2.20.3.tgz",
      "integrity": "sha512-GpVkmM8vF2vQUkj2LvZmD35JxeJOLCwJ9cUkugyk2nuhbv3+mJvpLYYt+0+USMxE+oj+ey/lJEnhZw75x/OMcQ==",
      "license": "MIT"
    },
    "node_modules/git": {
      "version": "0.1.5",
      "resolved": "https://registry.npmjs.org/git/-/git-0.1.5.tgz",
      "integrity": "sha512-N+bfOrXyKMU/fQtCj6D/U9MQOEN0DAA8TLHSLdUQRSWBOkeRvsjJHdrdkvcq05xO7GSDKWc3nDEGoTZ4DfCCSg==",
      "dependencies": {
        "mime": "1.2.9"
      },
      "engines": {
        "node": ">=0.4.0"
      }
    },
    "node_modules/mime": {
      "version": "1.2.9",
      "resolved": "https://registry.npmjs.org/mime/-/mime-1.2.9.tgz",
      "integrity": "sha512-WiLgbHTIq5AYUvU/Luli4mZ1bUcHpGNHyCsbl+KPMg4zt+XUDpQehWjuBjdLaEvDTinvKj/FgfQt3fPoT7j08g=="
    },
    "node_modules/scandir": {
      "version": "0.1.2",
      "resolved": "https://registry.npmjs.org/scandir/-/scandir-0.1.2.tgz",
      "integrity": "sha512-eXDRX1G/+Jc39ftmet8zWHgojI1xrfDQJqMpaJIc9DmdHe6hd5TEsBRkaWK3GOTiu76V+0UWvayT3OJm91WUng==",
      "license": "BSD",
      "dependencies": {
        "ansi": "0.2.x",
        "commander": "2.x.x",
        "mime": "1.2.x"
      },
      "bin": {
        "scandir": "bin/scandir"
      },
      "engines": {
        "node": ">=0.8.0"
      }
    }
  }
}
